
Microsoft Visual Studio Solution File, Format Version 12.00
# Visual Studio Version 16
VisualStudioVersion = 16.0.28803.352
MinimumVisualStudioVersion = 10.0.40219.1
Project("{888888A0-9F3D-457C-B088-3A5042F75D52}") = "Rimoto_plex_companion", "Rimoto_plex_companion.pyproj", "{D3AACE1F-A4D8-4437-94D5-4DC5836338E1}"
EndProject
Global
	GlobalSection(SolutionConfigurationPlatforms) = preSolution
		Debug|Any CPU = Debug|Any CPU
		Release|Any CPU = Release|Any CPU
	EndGlobalSection
	GlobalSection(ProjectConfigurationPlatforms) = postSolution
		{D3AACE1F-A4D8-4437-94D5-4DC5836338E1}.Debug|Any CPU.ActiveCfg = Debug|Any CPU
		{D3AACE1F-A4D8-4437-94D5-4DC5836338E1}.Debug|Any CPU.Build.0 = Debug|Any CPU
		{D3AACE1F-A4D8-4437-94D5-4DC5836338E1}.Release|Any CPU.ActiveCfg = Release|Any CPU
		{D3AACE1F-A4D8-4437-94D5-4DC5836338E1}.Release|Any CPU.Build.0 = Release|Any CPU
	EndGlobalSection
	GlobalSection(SolutionProperties) = preSolution
		HideSolutionNode = FALSE
	EndGlobalSection
	GlobalSection(ExtensibilityGlobals) = postSolution
		SolutionGuid = {047FFC84-383B-4489-90FB-F8F397A359A3}
	EndGlobalSection
EndGlobal
